
Microsoft Visual Studio Solution File, Format Version 12.00
# Visual Studio Version 17
VisualStudioVersion = 17.12.35728.132
MinimumVisualStudioVersion = 10.0.40219.1
Project("{FAE04EC0-301F-11D3-BF4B-00C04F79EFBC}") = "ExpenseTracker", "ExpenseTracker\ExpenseTracker.csproj", "{37B8A087-60C2-45E1-99E7-7D5F27893D3D}"
EndProject
Project("{FAE04EC0-301F-11D3-BF4B-00C04F79EFBC}") = "TestExpenseTracker", "TestExpenseTracker\TestExpenseTracker.csproj", "{3BBE279C-177E-4A2C-97B0-4586AFC4E6B0}"
EndProject
Global
	GlobalSection(SolutionConfigurationPlatforms) = preSolution
		Debug|Any CPU = Debug|Any CPU
		Release|Any CPU = Release|Any CPU
	EndGlobalSection
	GlobalSection(ProjectConfigurationPlatforms) = postSolution
		{37B8A087-60C2-45E1-99E7-7D5F27893D3D}.Debug|Any CPU.ActiveCfg = Debug|Any CPU
		{37B8A087-60C2-45E1-99E7-7D5F27893D3D}.Debug|Any CPU.Build.0 = Debug|Any CPU
		{37B8A087-60C2-45E1-99E7-7D5F27893D3D}.Release|Any CPU.ActiveCfg = Release|Any CPU
		{37B8A087-60C2-45E1-99E7-7D5F27893D3D}.Release|Any CPU.Build.0 = Release|Any CPU
		{3BBE279C-177E-4A2C-97B0-4586AFC4E6B0}.Debug|Any CPU.ActiveCfg = Debug|Any CPU
		{3BBE279C-177E-4A2C-97B0-4586AFC4E6B0}.Debug|Any CPU.Build.0 = Debug|Any CPU
		{3BBE279C-177E-4A2C-97B0-4586AFC4E6B0}.Release|Any CPU.ActiveCfg = Release|Any CPU
		{3BBE279C-177E-4A2C-97B0-4586AFC4E6B0}.Release|Any CPU.Build.0 = Release|Any CPU
	EndGlobalSection
	GlobalSection(SolutionProperties) = preSolution
		HideSolutionNode = FALSE
	EndGlobalSection
EndGlobal
